{
  "originHash" : "f9e2446a5900a8acaa64c493969ce3e35a15dea26c341d04707102210b05cb42",
  "pins" : [
    {
      "identity" : "ollama-swift",
      "kind" : "remoteSourceControl",
      "location" : "https://github.com/wyznel/ollama-swift.git",
      "state" : {
        "branch" : "main",
        "revision" : "402e27b39e42dd68f07a1333dd3428f300fa74f0"
      }
    },
    {
      "identity" : "rapid-mlx-swift",
      "kind" : "remoteSourceControl",
      "location" : "https://github.com/wyznel/rapid-mlx-swift",
      "state" : {
        "branch" : "main",
        "revision" : "ba60b7e4e21ce46eb1f8fdd5fc25de9676e8e73d"
      }
    },
    {
      "identity" : "sparkle",
      "kind" : "remoteSourceControl",
      "location" : "https://github.com/sparkle-project/Sparkle",
      "state" : {
        "revision" : "79bc9e872948e47877e76f194cb0c8e0412b0b90",
        "version" : "2.9.5"
      }
    },
    {
      "identity" : "swift-concurrency-extras",
      "kind" : "remoteSourceControl",
      "location" : "https://github.com/pointfreeco/swift-concurrency-extras",
      "state" : {
        "revision" : "5fa253428866f2360c3754e88537f700ed2656b5",
        "version" : "1.4.1"
      }
    },
    {
      "identity" : "swiftui-math",
      "kind" : "remoteSourceControl",
      "location" : "https://github.com/gonzalezreal/swiftui-math",
      "state" : {
        "revision" : "0b5c2cfaaec8d6193db206f675048eeb5ce95f71",
        "version" : "0.1.0"
      }
    },
    {
      "identity" : "textual",
      "kind" : "remoteSourceControl",
      "location" : "https://github.com/gonzalezreal/textual.git",
      "state" : {
        "revision" : "01b51875a5406eefc95f52a058cb059e7bc94dc4",
        "version" : "0.5.0"
      }
    }
  ],
  "version" : 3
}
